
Microsoft Visual Studio Solution File, Format Version 12.00
# Visual Studio Version 17
VisualStudioVersion = 17.5.33516.290
MinimumVisualStudioVersion = 10.0.40219.1
Project("{9A19103F-16F7-4668-BE54-9A1E7A4F7556}") = "GeneticAlgorithmTool", "GeneticAlgorithmTool.csproj", "{B85ABCD7-E516-4D67-9370-0B5C89B47322}"
EndProject
Global
	GlobalSection(SolutionConfigurationPlatforms) = preSolution
		Debug|Any CPU = Debug|Any CPU
		Debug|x64 = Debug|x64
		Release|Any CPU = Release|Any CPU
		Release|x64 = Release|x64
	EndGlobalSection
	GlobalSection(ProjectConfigurationPlatforms) = postSolution
		{B85ABCD7-E516-4D67-9370-0B5C89B47322}.Debug|Any CPU.ActiveCfg = Debug|Any CPU
		{B85ABCD7-E516-4D67-9370-0B5C89B47322}.Debug|Any CPU.Build.0 = Debug|Any CPU
		{B85ABCD7-E516-4D67-9370-0B5C89B47322}.Debug|x64.ActiveCfg = Debug|x64
		{B85ABCD7-E516-4D67-9370-0B5C89B47322}.Debug|x64.Build.0 = Debug|x64
		{B85ABCD7-E516-4D67-9370-0B5C89B47322}.Release|Any CPU.ActiveCfg = Release|Any CPU
		{B85ABCD7-E516-4D67-9370-0B5C89B47322}.Release|Any CPU.Build.0 = Release|Any CPU
		{B85ABCD7-E516-4D67-9370-0B5C89B47322}.Release|x64.ActiveCfg = Release|x64
		{B85ABCD7-E516-4D67-9370-0B5C89B47322}.Release|x64.Build.0 = Release|x64
	EndGlobalSection
	GlobalSection(SolutionProperties) = preSolution
		HideSolutionNode = FALSE
	EndGlobalSection
	GlobalSection(ExtensibilityGlobals) = postSolution
		SolutionGuid = {3952956C-D4B8-469A-BBB7-39DAB0D29CEA}
	EndGlobalSection
EndGlobal
